// !$*UTF8*$!
{
	archiveVersion = 1;
	classes = {
	};
	objectVersion = 46;
	objects = {

/* Begin PBXBuildFile section */
		527A9E411B34C91D0095BCD4 /* AppDelegate.swift in Sources */ = {isa = PBXBuildFile; fileRef = 527A9E401B34C91D0095BCD4 /* AppDelegate.swift */; };
		527A9E431B34C91D0095BCD4 /* MainViewController.swift in Sources */ = {isa = PBXBuildFile; fileRef = 527A9E421B34C91D0095BCD4 /* MainViewController.swift */; };
		527A9E461B34C91D0095BCD4 /* Main.storyboard in Resources */ = {isa = PBXBuildFile; fileRef = 527A9E441B34C91D0095BCD4 /* Main.storyboard */; };
		527A9E481B34C91D0095BCD4 /* Images.xcassets in Resources */ = {isa = PBXBuildFile; fileRef = 527A9E471B34C91D0095BCD4 /* Images.xcassets */; };
		527A9E4B1B34C91D0095BCD4 /* LaunchScreen.xib in Resources */ = {isa = PBXBuildFile; fileRef = 527A9E491B34C91D0095BCD4 /* LaunchScreen.xib */; };
		527A9E571B34C91D0095BCD4 /* Reddit_NCTests.swift in Sources */ = {isa = PBXBuildFile; fileRef = 527A9E561B34C91D0095BCD4 /* Reddit_NCTests.swift */; };
		529BB6671B682AB400385D9E /* NotificationCenter.framework in Frameworks */ = {isa = PBXBuildFile; fileRef = 529BB6661B682AB400385D9E /* NotificationCenter.framework */; };
		529BB66C1B682AB400385D9E /* TodayViewController.swift in Sources */ = {isa = PBXBuildFile; fileRef = 529BB66B1B682AB400385D9E /* TodayViewController.swift */; };
		529BB66E1B682AB400385D9E /* MainInterface.storyboard in Resources */ = {isa = PBXBuildFile; fileRef = 529BB66D1B682AB400385D9E /* MainInterface.storyboard */; };
		529BB6711B682AB400385D9E /* Reddit NC Widget.appex in Embed App Extensions */ = {isa = PBXBuildFile; fileRef = 529BB6641B682AB400385D9E /* Reddit NC Widget.appex */; settings = {ATTRIBUTES = (RemoveHeadersOnCopy, ); }; };
/* End PBXBuildFile section */

/* Begin PBXContainerItemProxy section */
		527A9E511B34C91D0095BCD4 /* PBXContainerItemProxy */ = {
			isa = PBXContainerItemProxy;
			containerPortal = 527A9E331B34C91D0095BCD4 /* Project object */;
			proxyType = 1;
			remoteGlobalIDString = 527A9E3A1B34C91D0095BCD4;
			remoteInfo = "Reddit NC";
		};
		529BB66F1B682AB400385D9E /* PBXContainerItemProxy */ = {
			isa = PBXContainerItemProxy;
			containerPortal = 527A9E331B34C91D0095BCD4 /* Project object */;
			proxyType = 1;
			remoteGlobalIDString = 529BB6631B682AB400385D9E;
			remoteInfo = "Reddit NC Widget";
		};
/* End PBXContainerItemProxy section */

/* Begin PBXCopyFilesBuildPhase section */
		529BB6751B682AB400385D9E /* Embed App Extensions */ = {
			isa = PBXCopyFilesBuildPhase;
			buildActionMask = 2147483647;
			dstPath = "";
			dstSubfolderSpec = 13;
			files = (
				529BB6711B682AB400385D9E /* Reddit NC Widget.appex in Embed App Extensions */,
			);
			name = "Embed App Extensions";
			runOnlyForDeploymentPostprocessing = 0;
		};
/* End PBXCopyFilesBuildPhase section */

/* Begin PBXFileReference section */
		527A9E3B1B34C91D0095BCD4 /* Reddit NC.app */ = {isa = PBXFileReference; explicitFileType = wrapper.application; includeInIndex = 0; path = "Reddit NC.app"; sourceTree = BUILT_PRODUCTS_DIR; };
		527A9E3F1B34C91D0095BCD4 /* Info.plist */ = {isa = PBXFileReference; lastKnownFileType = text.plist.xml; path = Info.plist; sourceTree = "<group>"; };
		527A9E401B34C91D0095BCD4 /* AppDelegate.swift */ = {isa = PBXFileReference; lastKnownFileType = sourcecode.swift; path = AppDelegate.swift; sourceTree = "<group>"; };
		527A9E421B34C91D0095BCD4 /* MainViewController.swift */ = {isa = PBXFileReference; lastKnownFileType = sourcecode.swift; path = MainViewController.swift; sourceTree = "<group>"; };
		527A9E451B34C91D0095BCD4 /* Base */ = {isa = PBXFileReference; lastKnownFileType = file.storyboard; name = Base; path = Base.lproj/Main.storyboard; sourceTree = "<group>"; };
		527A9E471B34C91D0095BCD4 /* Images.xcassets */ = {isa = PBXFileReference; lastKnownFileType = folder.assetcatalog; path = Images.xcassets; sourceTree = "<group>"; };
		527A9E4A1B34C91D0095BCD4 /* Base */ = {isa = PBXFileReference; lastKnownFileType = file.xib; name = Base; path = Base.lproj/LaunchScreen.xib; sourceTree = "<group>"; };
		527A9E501B34C91D0095BCD4 /* Reddit NCTests.xctest */ = {isa = PBXFileReference; explicitFileType = wrapper.cfbundle; includeInIndex = 0; path = "Reddit NCTests.xctest"; sourceTree = BUILT_PRODUCTS_DIR; };
		527A9E551B34C91D0095BCD4 /* Info.plist */ = {isa = PBXFileReference; lastKnownFileType = text.plist.xml; path = Info.plist; sourceTree = "<group>"; };
		527A9E561B34C91D0095BCD4 /* Reddit_NCTests.swift */ = {isa = PBXFileReference; lastKnownFileType = sourcecode.swift; path = Reddit_NCTests.swift; sourceTree = "<group>"; };
		529BB6641B682AB400385D9E /* Reddit NC Widget.appex */ = {isa = PBXFileReference; explicitFileType = "wrapper.app-extension"; includeInIndex = 0; path = "Reddit NC Widget.appex"; sourceTree = BUILT_PRODUCTS_DIR; };
		529BB6661B682AB400385D9E /* NotificationCenter.framework */ = {isa = PBXFileReference; lastKnownFileType = wrapper.framework; name = NotificationCenter.framework; path = System/Library/Frameworks/NotificationCenter.framework; sourceTree = SDKROOT; };
		529BB66A1B682AB400385D9E /* Info.plist */ = {isa = PBXFileReference; lastKnownFileType = text.plist.xml; path = Info.plist; sourceTree = "<group>"; };
		529BB66B1B682AB400385D9E /* TodayViewController.swift */ = {isa = PBXFileReference; lastKnownFileType = sourcecode.swift; path = TodayViewController.swift; sourceTree = "<group>"; };
		529BB66D1B682AB400385D9E /* MainInterface.storyboard */ = {isa = PBXFileReference; lastKnownFileType = file.storyboard; path = MainInterface.storyboard; sourceTree = "<group>"; };
		52EF9A341B34DD8500EA3059 /* Reddit NC.entitlements */ = {isa = PBXFileReference; lastKnownFileType = text.xml; path = "Reddit NC.entitlements"; sourceTree = "<group>"; };
/* End PBXFileReference section */

/* Begin PBXFrameworksBuildPhase section */
		527A9E381B34C91D0095BCD4 /* Frameworks */ = {
			isa = PBXFrameworksBuildPhase;
			buildActionMask = 2147483647;
			files = (
			);
			runOnlyForDeploymentPostprocessing = 0;
		};
		527A9E4D1B34C91D0095BCD4 /* Frameworks */ = {
			isa = PBXFrameworksBuildPhase;
			buildActionMask = 2147483647;
			files = (
			);
			runOnlyForDeploymentPostprocessing = 0;
		};
		529BB6611B682AB400385D9E /* Frameworks */ = {
			isa = PBXFrameworksBuildPhase;
			buildActionMask = 2147483647;
			files = (
				529BB6671B682AB400385D9E /* NotificationCenter.framework in Frameworks */,
			);
			runOnlyForDeploymentPostprocessing = 0;
		};
/* End PBXFrameworksBuildPhase section */

/* Begin PBXGroup section */
		527A9E321B34C91D0095BCD4 = {
			isa = PBXGroup;
			children = (
				527A9E3D1B34C91D0095BCD4 /* Reddit NC */,
				527A9E531B34C91D0095BCD4 /* Reddit NCTests */,
				529BB6681B682AB400385D9E /* Reddit NC Widget */,
				529BB6651B682AB400385D9E /* Frameworks */,
				527A9E3C1B34C91D0095BCD4 /* Products */,
			);
			sourceTree = "<group>";
		};
		527A9E3C1B34C91D0095BCD4 /* Products */ = {
			isa = PBXGroup;
			children = (
				527A9E3B1B34C91D0095BCD4 /* Reddit NC.app */,
				527A9E501B34C91D0095BCD4 /* Reddit NCTests.xctest */,
				529BB6641B682AB400385D9E /* Reddit NC Widget.appex */,
			);
			name = Products;
			sourceTree = "<group>";
		};
		527A9E3D1B34C91D0095BCD4 /* Reddit NC */ = {
			isa = PBXGroup;
			children = (
				52EF9A341B34DD8500EA3059 /* Reddit NC.entitlements */,
				527A9E401B34C91D0095BCD4 /* AppDelegate.swift */,
				527A9E421B34C91D0095BCD4 /* MainViewController.swift */,
				527A9E441B34C91D0095BCD4 /* Main.storyboard */,
				527A9E471B34C91D0095BCD4 /* Images.xcassets */,
				527A9E491B34C91D0095BCD4 /* LaunchScreen.xib */,
				527A9E3E1B34C91D0095BCD4 /* Supporting Files */,
			);
			path = "Reddit NC";
			sourceTree = "<group>";
		};
		527A9E3E1B34C91D0095BCD4 /* Supporting Files */ = {
			isa = PBXGroup;
			children = (
				527A9E3F1B34C91D0095BCD4 /* Info.plist */,
			);
			name = "Supporting Files";
			sourceTree = "<group>";
		};
		527A9E531B34C91D0095BCD4 /* Reddit NCTests */ = {
			isa = PBXGroup;
			children = (
				527A9E561B34C91D0095BCD4 /* Reddit_NCTests.swift */,
				527A9E541B34C91D0095BCD4 /* Supporting Files */,
			);
			path = "Reddit NCTests";
			sourceTree = "<group>";
		};
		527A9E541B34C91D0095BCD4 /* Supporting Files */ = {
			isa = PBXGroup;
			children = (
				527A9E551B34C91D0095BCD4 /* Info.plist */,
			);
			name = "Supporting Files";
			sourceTree = "<group>";
		};
		529BB6651B682AB400385D9E /* Frameworks */ = {
			isa = PBXGroup;
			children = (
				529BB6661B682AB400385D9E /* NotificationCenter.framework */,
			);
			name = Frameworks;
			sourceTree = "<group>";
		};
		529BB6681B682AB400385D9E /* Reddit NC Widget */ = {
			isa = PBXGroup;
			children = (
				529BB66B1B682AB400385D9E /* TodayViewController.swift */,
				529BB66D1B682AB400385D9E /* MainInterface.storyboard */,
				529BB6691B682AB400385D9E /* Supporting Files */,
			);
			path = "Reddit NC Widget";
			sourceTree = "<group>";
		};
		529BB6691B682AB400385D9E /* Supporting Files */ = {
			isa = PBXGroup;
			children = (
				529BB66A1B682AB400385D9E /* Info.plist */,
			);
			name = "Supporting Files";
			sourceTree = "<group>";
		};
/* End PBXGroup section */

/* Begin PBXNativeTarget section */
		527A9E3A1B34C91D0095BCD4 /* Reddit NC */ = {
			isa = PBXNativeTarget;
			buildConfigurationList = 527A9E5A1B34C91D0095BCD4 /* Build configuration list for PBXNativeTarget "Reddit NC" */;
			buildPhases = (
				527A9E371B34C91D0095BCD4 /* Sources */,
				527A9E381B34C91D0095BCD4 /* Frameworks */,
				527A9E391B34C91D0095BCD4 /* Resources */,
				529BB6751B682AB400385D9E /* Embed App Extensions */,
			);
			buildRules = (
			);
			dependencies = (
				529BB6701B682AB400385D9E /* PBXTargetDependency */,
			);
			name = "Reddit NC";
			productName = "Reddit NC";
			productReference = 527A9E3B1B34C91D0095BCD4 /* Reddit NC.app */;
			productType = "com.apple.product-type.application";
		};
		527A9E4F1B34C91D0095BCD4 /* Reddit NCTests */ = {
			isa = PBXNativeTarget;
			buildConfigurationList = 527A9E5D1B34C91D0095BCD4 /* Build configuration list for PBXNativeTarget "Reddit NCTests" */;
			buildPhases = (
				527A9E4C1B34C91D0095BCD4 /* Sources */,
				527A9E4D1B34C91D0095BCD4 /* Frameworks */,
				527A9E4E1B34C91D0095BCD4 /* Resources */,
			);
			buildRules = (
			);
			dependencies = (
				527A9E521B34C91D0095BCD4 /* PBXTargetDependency */,
			);
			name = "Reddit NCTests";
			productName = "Reddit NCTests";
			productReference = 527A9E501B34C91D0095BCD4 /* Reddit NCTests.xctest */;
			productType = "com.apple.product-type.bundle.unit-test";
		};
		529BB6631B682AB400385D9E /* Reddit NC Widget */ = {
			isa = PBXNativeTarget;
			buildConfigurationList = 529BB6741B682AB400385D9E /* Build configuration list for PBXNativeTarget "Reddit NC Widget" */;
			buildPhases = (
				529BB6601B682AB400385D9E /* Sources */,
				529BB6611B682AB400385D9E /* Frameworks */,
				529BB6621B682AB400385D9E /* Resources */,
			);
			buildRules = (
			);
			dependencies = (
			);
			name = "Reddit NC Widget";
			productName = "Reddit NC Widget";
			productReference = 529BB6641B682AB400385D9E /* Reddit NC Widget.appex */;
			productType = "com.apple.product-type.app-extension";
		};
/* End PBXNativeTarget section */

/* Begin PBXProject section */
		527A9E331B34C91D0095BCD4 /* Project object */ = {
			isa = PBXProject;
			attributes = {
				LastUpgradeCheck = 0630;
				ORGANIZATIONNAME = "John Behnke";
				TargetAttributes = {
					527A9E3A1B34C91D0095BCD4 = {
						CreatedOnToolsVersion = 6.3.2;
						DevelopmentTeam = JRS59Q3JZW;
						SystemCapabilities = {
							com.apple.ApplicationGroups.iOS = {
								enabled = 1;
							};
						};
					};
					527A9E4F1B34C91D0095BCD4 = {
						CreatedOnToolsVersion = 6.3.2;
						TestTargetID = 527A9E3A1B34C91D0095BCD4;
					};
					529BB6631B682AB400385D9E = {
						CreatedOnToolsVersion = 6.4;
						DevelopmentTeam = JRS59Q3JZW;
					};
				};
			};
			buildConfigurationList = 527A9E361B34C91D0095BCD4 /* Build configuration list for PBXProject "Reddit NC" */;
			compatibilityVersion = "Xcode 3.2";
			developmentRegion = English;
			hasScannedForEncodings = 0;
			knownRegions = (
				en,
				Base,
			);
			mainGroup = 527A9E321B34C91D0095BCD4;
			productRefGroup = 527A9E3C1B34C91D0095BCD4 /* Products */;
			projectDirPath = "";
			projectRoot = "";
			targets = (
				527A9E3A1B34C91D0095BCD4 /* Reddit NC */,
				527A9E4F1B34C91D0095BCD4 /* Reddit NCTests */,
				529BB6631B682AB400385D9E /* Reddit NC Widget */,
			);
		};
/* End PBXProject section */

/* Begin PBXResourcesBuildPhase section */
		527A9E391B34C91D0095BCD4 /* Resources */ = {
			isa = PBXResourcesBuildPhase;
			buildActionMask = 2147483647;
			files = (
				527A9E461B34C91D0095BCD4 /* Main.storyboard in Resources */,
				527A9E4B1B34C91D0095BCD4 /* LaunchScreen.xib in Resources */,
				527A9E481B34C91D0095BCD4 /* Images.xcassets in Resources */,
			);
			runOnlyForDeploymentPostprocessing = 0;
		};
		527A9E4E1B34C91D0095BCD4 /* Resources */ = {
			isa = PBXResourcesBuildPhase;
			buildActionMask = 2147483647;
			files = (
			);
			runOnlyForDeploymentPostprocessing = 0;
		};
		529BB6621B682AB400385D9E /* Resources */ = {
			isa = PBXResourcesBuildPhase;
			buildActionMask = 2147483647;
			files = (
				529BB66E1B682AB400385D9E /* MainInterface.storyboard in Resources */,
			);
			runOnlyForDeploymentPostprocessing = 0;
		};
/* End PBXResourcesBuildPhase section */

/* Begin PBXSourcesBuildPhase section */
		527A9E371B34C91D0095BCD4 /* Sources */ = {
			isa = PBXSourcesBuildPhase;
			buildActionMask = 2147483647;
			files = (
				527A9E431B34C91D0095BCD4 /* MainViewController.swift in Sources */,
				527A9E411B34C91D0095BCD4 /* AppDelegate.swift in Sources */,
			);
			runOnlyForDeploymentPostprocessing = 0;
		};
		527A9E4C1B34C91D0095BCD4 /* Sources */ = {
			isa = PBXSourcesBuildPhase;
			buildActionMask = 2147483647;
			files = (
				527A9E571B34C91D0095BCD4 /* Reddit_NCTests.swift in Sources */,
			);
			runOnlyForDeploymentPostprocessing = 0;
		};
		529BB6601B682AB400385D9E /* Sources */ = {
			isa = PBXSourcesBuildPhase;
			buildActionMask = 2147483647;
			files = (
				529BB66C1B682AB400385D9E /* TodayViewController.swift in Sources */,
			);
			runOnlyForDeploymentPostprocessing = 0;
		};
/* End PBXSourcesBuildPhase section */

/* Begin PBXTargetDependency section */
		527A9E521B34C91D0095BCD4 /* PBXTargetDependency */ = {
			isa = PBXTargetDependency;
			target = 527A9E3A1B34C91D0095BCD4 /* Reddit NC */;
			targetProxy = 527A9E511B34C91D0095BCD4 /* PBXContainerItemProxy */;
		};
		529BB6701B682AB400385D9E /* PBXTargetDependency */ = {
			isa = PBXTargetDependency;
			target = 529BB6631B682AB400385D9E /* Reddit NC Widget */;
			targetProxy = 529BB66F1B682AB400385D9E /* PBXContainerItemProxy */;
		};
/* End PBXTargetDependency section */

/* Begin PBXVariantGroup section */
		527A9E441B34C91D0095BCD4 /* Main.storyboard */ = {
			isa = PBXVariantGroup;
			children = (
				527A9E451B34C91D0095BCD4 /* Base */,
			);
			name = Main.storyboard;
			sourceTree = "<group>";
		};
		527A9E491B34C91D0095BCD4 /* LaunchScreen.xib */ = {
			isa = PBXVariantGroup;
			children = (
				527A9E4A1B34C91D0095BCD4 /* Base */,
			);
			name = LaunchScreen.xib;
			sourceTree = "<group>";
		};
/* End PBXVariantGroup section */

/* Begin XCBuildConfiguration section */
		527A9E581B34C91D0095BCD4 /* Debug */ = {
			isa = XCBuildConfiguration;
			buildSettings = {
				ALWAYS_SEARCH_USER_PATHS = NO;
				CLANG_CXX_LANGUAGE_STANDARD = "gnu++0x";
				CLANG_CXX_LIBRARY = "libc++";
				CLANG_ENABLE_MODULES = YES;
				CLANG_ENABLE_OBJC_ARC = YES;
				CLANG_WARN_BOOL_CONVERSION = YES;
				CLANG_WARN_CONSTANT_CONVERSION = YES;
				CLANG_WARN_DIRECT_OBJC_ISA_USAGE = YES_ERROR;
				CLANG_WARN_EMPTY_BODY = YES;
				CLANG_WARN_ENUM_CONVERSION = YES;
				CLANG_WARN_INT_CONVERSION = YES;
				CLANG_WARN_OBJC_ROOT_CLASS = YES_ERROR;
				CLANG_WARN_UNREACHABLE_CODE = YES;
				CLANG_WARN__DUPLICATE_METHOD_MATCH = YES;
				"CODE_SIGN_IDENTITY[sdk=iphoneos*]" = "iPhone Developer";
				COPY_PHASE_STRIP = NO;
				DEBUG_INFORMATION_FORMAT = "dwarf-with-dsym";
				ENABLE_STRICT_OBJC_MSGSEND = YES;
				GCC_C_LANGUAGE_STANDARD = gnu99;
				GCC_DYNAMIC_NO_PIC = NO;
				GCC_NO_COMMON_BLOCKS = YES;
				GCC_OPTIMIZATION_LEVEL = 0;
				GCC_PREPROCESSOR_DEFINITIONS = (
					"DEBUG=1",
					"$(inherited)",
				);
				GCC_SYMBOLS_PRIVATE_EXTERN = NO;
				GCC_WARN_64_TO_32_BIT_CONVERSION = YES;
				GCC_WARN_ABOUT_RETURN_TYPE = YES_ERROR;
				GCC_WARN_UNDECLARED_SELECTOR = YES;
				GCC_WARN_UNINITIALIZED_AUTOS = YES_AGGRESSIVE;
				GCC_WARN_UNUSED_FUNCTION = YES;
				GCC_WARN_UNUSED_VARIABLE = YES;
				IPHONEOS_DEPLOYMENT_TARGET = 8.3;
				MTL_ENABLE_DEBUG_INFO = YES;
				ONLY_ACTIVE_ARCH = YES;
				SDKROOT = iphoneos;
				SWIFT_OPTIMIZATION_LEVEL = "-Onone";
				TARGETED_DEVICE_FAMILY = "1,2";
			};
			name = Debug;
		};
		527A9E591B34C91D0095BCD4 /* Release */ = {
			isa = XCBuildConfiguration;
			buildSettings = {
				ALWAYS_SEARCH_USER_PATHS = NO;
				CLANG_CXX_LANGUAGE_STANDARD = "gnu++0x";
				CLANG_CXX_LIBRARY = "libc++";
				CLANG_ENABLE_MODULES = YES;
				CLANG_ENABLE_OBJC_ARC = YES;
				CLANG_WARN_BOOL_CONVERSION = YES;
				CLANG_WARN_CONSTANT_CONVERSION = YES;
				CLANG_WARN_DIRECT_OBJC_ISA_USAGE = YES_ERROR;
				CLANG_WARN_EMPTY_BODY = YES;
				CLANG_WARN_ENUM_CONVERSION = YES;
				CLANG_WARN_INT_CONVERSION = YES;
				CLANG_WARN_OBJC_ROOT_CLASS = YES_ERROR;
				CLANG_WARN_UNREACHABLE_CODE = YES;
				CLANG_WARN__DUPLICATE_METHOD_MATCH = YES;
				"CODE_SIGN_IDENTITY[sdk=iphoneos*]" = "iPhone Developer";
				COPY_PHASE_STRIP = NO;
				DEBUG_INFORMATION_FORMAT = "dwarf-with-dsym";
				ENABLE_NS_ASSERTIONS = NO;
				ENABLE_STRICT_OBJC_MSGSEND = YES;
				GCC_C_LANGUAGE_STANDARD = gnu99;
				GCC_NO_COMMON_BLOCKS = YES;
				GCC_WARN_64_TO_32_BIT_CONVERSION = YES;
				GCC_WARN_ABOUT_RETURN_TYPE = YES_ERROR;
				GCC_WARN_UNDECLARED_SELECTOR = YES;
				GCC_WARN_UNINITIALIZED_AUTOS = YES_AGGRESSIVE;
				GCC_WARN_UNUSED_FUNCTION = YES;
				GCC_WARN_UNUSED_VARIABLE = YES;
				IPHONEOS_DEPLOYMENT_TARGET = 8.3;
				MTL_ENABLE_DEBUG_INFO = NO;
				SDKROOT = iphoneos;
				TARGETED_DEVICE_FAMILY = "1,2";
				VALIDATE_PRODUCT = YES;
			};
			name = Release;
		};
		527A9E5B1B34C91D0095BCD4 /* Debug */ = {
			isa = XCBuildConfiguration;
			buildSettings = {
				ASSETCATALOG_COMPILER_APPICON_NAME = AppIcon;
				CODE_SIGN_ENTITLEMENTS = "Reddit NC/Reddit NC.entitlements";
				INFOPLIST_FILE = "Reddit NC/Info.plist";
				LD_RUNPATH_SEARCH_PATHS = "$(inherited) @executable_path/Frameworks";
				PRODUCT_NAME = "$(TARGET_NAME)";
			};
			name = Debug;
		};
		527A9E5C1B34C91D0095BCD4 /* Release */ = {
			isa = XCBuildConfiguration;
			buildSettings = {
				ASSETCATALOG_COMPILER_APPICON_NAME = AppIcon;
				CODE_SIGN_ENTITLEMENTS = "Reddit NC/Reddit NC.entitlements";
				INFOPLIST_FILE = "Reddit NC/Info.plist";
				LD_RUNPATH_SEARCH_PATHS = "$(inherited) @executable_path/Frameworks";
				PRODUCT_NAME = "$(TARGET_NAME)";
			};
			name = Release;
		};
		527A9E5E1B34C91D0095BCD4 /* Debug */ = {
			isa = XCBuildConfiguration;
			buildSettings = {
				BUNDLE_LOADER = "$(TEST_HOST)";
				FRAMEWORK_SEARCH_PATHS = (
					"$(SDKROOT)/Developer/Library/Frameworks",
					"$(inherited)",
				);
				GCC_PREPROCESSOR_DEFINITIONS = (
					"DEBUG=1",
					"$(inherited)",
				);
				INFOPLIST_FILE = "Reddit NCTests/Info.plist";
				LD_RUNPATH_SEARCH_PATHS = "$(inherited) @executable_path/Frameworks @loader_path/Frameworks";
				PRODUCT_NAME = "$(TARGET_NAME)";
				TEST_HOST = "$(BUILT_PRODUCTS_DIR)/Reddit NC.app/Reddit NC";
			};
			name = Debug;
		};
		527A9E5F1B34C91D0095BCD4 /* Release */ = {
			isa = XCBuildConfiguration;
			buildSettings = {
				BUNDLE_LOADER = "$(TEST_HOST)";
				FRAMEWORK_SEARCH_PATHS = (
					"$(SDKROOT)/Developer/Library/Frameworks",
					"$(inherited)",
				);
				INFOPLIST_FILE = "Reddit NCTests/Info.plist";
				LD_RUNPATH_SEARCH_PATHS = "$(inherited) @executable_path/Frameworks @loader_path/Frameworks";
				PRODUCT_NAME = "$(TARGET_NAME)";
				TEST_HOST = "$(BUILT_PRODUCTS_DIR)/Reddit NC.app/Reddit NC";
			};
			name = Release;
		};
		529BB6721B682AB400385D9E /* Debug */ = {
			isa = XCBuildConfiguration;
			buildSettings = {
				GCC_PREPROCESSOR_DEFINITIONS = (
					"DEBUG=1",
					"$(inherited)",
				);
				INFOPLIST_FILE = "Reddit NC Widget/Info.plist";
				IPHONEOS_DEPLOYMENT_TARGET = 8.4;
				LD_RUNPATH_SEARCH_PATHS = "$(inherited) @executable_path/Frameworks @executable_path/../../Frameworks";
				PRODUCT_NAME = "$(TARGET_NAME)";
				SKIP_INSTALL = YES;
			};
			name = Debug;
		};
		529BB6731B682AB400385D9E /* Release */ = {
			isa = XCBuildConfiguration;
			buildSettings = {
				INFOPLIST_FILE = "Reddit NC Widget/Info.plist";
				IPHONEOS_DEPLOYMENT_TARGET = 8.4;
				LD_RUNPATH_SEARCH_PATHS = "$(inherited) @executable_path/Frameworks @executable_path/../../Frameworks";
				PRODUCT_NAME = "$(TARGET_NAME)";
				SKIP_INSTALL = YES;
			};
			name = Release;
		};
/* End XCBuildConfiguration section */

/* Begin XCConfigurationList section */
		527A9E361B34C91D0095BCD4 /* Build configuration list for PBXProject "Reddit NC" */ = {
			isa = XCConfigurationList;
			buildConfigurations = (
				527A9E581B34C91D0095BCD4 /* Debug */,
				527A9E591B34C91D0095BCD4 /* Release */,
			);
			defaultConfigurationIsVisible = 0;
			defaultConfigurationName = Release;
		};
		527A9E5A1B34C91D0095BCD4 /* Build configuration list for PBXNativeTarget "Reddit NC" */ = {
			isa = XCConfigurationList;
			buildConfigurations = (
				527A9E5B1B34C91D0095BCD4 /* Debug */,
				527A9E5C1B34C91D0095BCD4 /* Release */,
			);
			defaultConfigurationIsVisible = 0;
			defaultConfigurationName = Release;
		};
		527A9E5D1B34C91D0095BCD4 /* Build configuration list for PBXNativeTarget "Reddit NCTests" */ = {
			isa = XCConfigurationList;
			buildConfigurations = (
				527A9E5E1B34C91D0095BCD4 /* Debug */,
				527A9E5F1B34C91D0095BCD4 /* Release */,
			);
			defaultConfigurationIsVisible = 0;
			defaultConfigurationName = Release;
		};
		529BB6741B682AB400385D9E /* Build configuration list for PBXNativeTarget "Reddit NC Widget" */ = {
			isa = XCConfigurationList;
			buildConfigurations = (
				529BB6721B682AB400385D9E /* Debug */,
				529BB6731B682AB400385D9E /* Release */,
			);
			defaultConfigurationIsVisible = 0;
		};
/* End XCConfigurationList section */
	};
	rootObject = 527A9E331B34C91D0095BCD4 /* Project object */;
}
